# THIS IS AN AUTOGENERATED FILE. DO NOT EDIT THIS FILE DIRECTLY.
# yarn lockfile v1


react-magic-slider-dots@^1.2.2:
  version "1.2.2"
  resolved "https://registry.yarnpkg.com/react-magic-slider-dots/-/react-magic-slider-dots-1.2.2.tgz#9e37b424ca0058374dc97b56e4064da48a5244da"
  integrity sha512-I2ZhKcQLJ4QG11AyJwRhKprl4lWa1I1FkJzvMDr26dypqIoe4WwqH/stWyROetgqw5jqslb1ocePp8STfQ0tPQ==
